
Microsoft Visual Studio Solution File, Format Version 12.00
# Visual Studio Version 16
VisualStudioVersion = 16.0.30011.22
MinimumVisualStudioVersion = 10.0.40219.1
Project("{FAE04EC0-301F-11D3-BF4B-00C04F79EFBC}") = "lv5analiza", "lv5analiza.csproj", "{707D3F32-EE26-4F3B-9052-589A8A8BD67D}"
EndProject
Global
	GlobalSection(SolutionConfigurationPlatforms) = preSolution
		Debug|Any CPU = Debug|Any CPU
		Release|Any CPU = Release|Any CPU
	EndGlobalSection
	GlobalSection(ProjectConfigurationPlatforms) = postSolution
		{707D3F32-EE26-4F3B-9052-589A8A8BD67D}.Debug|Any CPU.ActiveCfg = Debug|Any CPU
		{707D3F32-EE26-4F3B-9052-589A8A8BD67D}.Debug|Any CPU.Build.0 = Debug|Any CPU
		{707D3F32-EE26-4F3B-9052-589A8A8BD67D}.Release|Any CPU.ActiveCfg = Release|Any CPU
		{707D3F32-EE26-4F3B-9052-589A8A8BD67D}.Release|Any CPU.Build.0 = Release|Any CPU
	EndGlobalSection
	GlobalSection(SolutionProperties) = preSolution
		HideSolutionNode = FALSE
	EndGlobalSection
	GlobalSection(ExtensibilityGlobals) = postSolution
		SolutionGuid = {55EC07BC-D976-4503-859A-EDAECD3A7C77}
	EndGlobalSection
EndGlobal
